
Microsoft Visual Studio Solution File, Format Version 12.00
# Visual Studio Version 17
VisualStudioVersion = 17.13.35825.156 d17.13
MinimumVisualStudioVersion = 10.0.40219.1
Project("{FAE04EC0-301F-11D3-BF4B-00C04F79EFBC}") = "Fore", "Fore.csproj", "{91D1EE39-9FC3-4826-A849-4200BDDF3A68}"
EndProject
Global
	GlobalSection(SolutionConfigurationPlatforms) = preSolution
		Debug|Any CPU = Debug|Any CPU
		Release|Any CPU = Release|Any CPU
	EndGlobalSection
	GlobalSection(ProjectConfigurationPlatforms) = postSolution
		{91D1EE39-9FC3-4826-A849-4200BDDF3A68}.Debug|Any CPU.ActiveCfg = Debug|Any CPU
		{91D1EE39-9FC3-4826-A849-4200BDDF3A68}.Debug|Any CPU.Build.0 = Debug|Any CPU
		{91D1EE39-9FC3-4826-A849-4200BDDF3A68}.Release|Any CPU.ActiveCfg = Release|Any CPU
		{91D1EE39-9FC3-4826-A849-4200BDDF3A68}.Release|Any CPU.Build.0 = Release|Any CPU
	EndGlobalSection
	GlobalSection(SolutionProperties) = preSolution
		HideSolutionNode = FALSE
	EndGlobalSection
	GlobalSection(ExtensibilityGlobals) = postSolution
		SolutionGuid = {BA6E8B5E-E6CA-4790-8ABD-0D800D8594C6}
	EndGlobalSection
EndGlobal
